
Microsoft Visual Studio Solution File, Format Version 12.00
# Visual Studio Version 16
VisualStudioVersion = 16.0.30503.244
MinimumVisualStudioVersion = 10.0.40219.1
Project("{FAE04EC0-301F-11D3-BF4B-00C04F79EFBC}") = "PingMe!Revolution", "PingMe!Revolution\PingMe!Revolution.csproj", "{E31CC204-4397-43E4-9E1C-FA7F89963727}"
EndProject
Global
	GlobalSection(SolutionConfigurationPlatforms) = preSolution
		Debug|Any CPU = Debug|Any CPU
		Release|Any CPU = Release|Any CPU
	EndGlobalSection
	GlobalSection(ProjectConfigurationPlatforms) = postSolution
		{E31CC204-4397-43E4-9E1C-FA7F89963727}.Debug|Any CPU.ActiveCfg = Debug|Any CPU
		{E31CC204-4397-43E4-9E1C-FA7F89963727}.Debug|Any CPU.Build.0 = Debug|Any CPU
		{E31CC204-4397-43E4-9E1C-FA7F89963727}.Release|Any CPU.ActiveCfg = Release|Any CPU
		{E31CC204-4397-43E4-9E1C-FA7F89963727}.Release|Any CPU.Build.0 = Release|Any CPU
	EndGlobalSection
	GlobalSection(SolutionProperties) = preSolution
		HideSolutionNode = FALSE
	EndGlobalSection
	GlobalSection(ExtensibilityGlobals) = postSolution
		SolutionGuid = {DEF03BCF-4030-4EF4-94BB-DA0B6B128D63}
	EndGlobalSection
EndGlobal
